
Microsoft Visual Studio Solution File, Format Version 12.00
# Visual Studio Version 17
VisualStudioVersion = 17.0.31903.59
MinimumVisualStudioVersion = 10.0.40219.1
Project("{9A19103F-16F7-4668-BE54-9A1E7A4F7556}") = "Tests", "Tests\Tests.csproj", "{14FFF40D-61CA-4A36-BEC6-DC27FF3E7E29}"
EndProject
Project("{9A19103F-16F7-4668-BE54-9A1E7A4F7556}") = "Challenges", "Challenges\Challenges.csproj", "{5CDA871D-449F-4308-BFF8-D1AA3D19E5AB}"
EndProject
Project("{2150E333-8FDC-42A3-9474-1A3956D46DE8}") = "Solution Items", "Solution Items", "{3D369CC9-15C2-487E-AD69-1F9A42CD1DBB}"
	ProjectSection(SolutionItems) = preProject
		100 Hurdle Jump = 100 Hurdle Jump
		101 Instances of a Character in a String = 101 Instances of a Character in a String
		102 = 102
		103 = 103
		104 = 104
		105 = 105
		106 = 106
		107 = 107
		108 = 108
		109 = 109
		110 = 110
		111 = 111
		112 = 112
		113 = 113
		114 = 114
		78 Missing Third Angle = 78 Missing Third Angle
		79 Array Containing a Given Number = 79 Array Containing a Given Number
		80 Sum of Resistance in Series Circuits = 80 Sum of Resistance in Series Circuits
		81 Reverse an Array = 81 Reverse an Array
		82 First and Last Elements in an Array = 82 First and Last Elements in an Array
		83 No Conditionals = 83 No Conditionals
		84 Triangular number = 84 Triangular number
		85 Sum of Cubes = 85 Sum of Cubes
		86 Concatenating Two Integer Arrays = 86 Concatenating Two Integer Arrays
		87 The Study of Wumbology = 87 The Study of Wumbology
		88 Smash Factor = 88 Smash Factor
		89 True Count.cs = 89 True Count.cs
		90 Arguments Count = 90 Arguments Count
		91 Yen to USD = 91 Yen to USD
		92 Lowercase, Uppercase or Mixed = 92 Lowercase, Uppercase or Mixed
		93 Number to Dashes = 93 Number to Dashes
		94 Find the Index = 94 Find the Index
		95 Back to Home = 95 Back to Home
		96 Word Count = 96 Word Count
		97 Days in a Month = 97 Days in a Month
		98 Syllables Count = 98 Syllables Count
		99 Sum of Resistance in Parallel Circuits = 99 Sum of Resistance in Parallel Circuits
	EndProjectSection
EndProject
Global
	GlobalSection(SolutionConfigurationPlatforms) = preSolution
		Debug|Any CPU = Debug|Any CPU
		Release|Any CPU = Release|Any CPU
	EndGlobalSection
	GlobalSection(ProjectConfigurationPlatforms) = postSolution
		{14FFF40D-61CA-4A36-BEC6-DC27FF3E7E29}.Debug|Any CPU.ActiveCfg = Debug|Any CPU
		{14FFF40D-61CA-4A36-BEC6-DC27FF3E7E29}.Debug|Any CPU.Build.0 = Debug|Any CPU
		{14FFF40D-61CA-4A36-BEC6-DC27FF3E7E29}.Release|Any CPU.ActiveCfg = Release|Any CPU
		{14FFF40D-61CA-4A36-BEC6-DC27FF3E7E29}.Release|Any CPU.Build.0 = Release|Any CPU
		{5CDA871D-449F-4308-BFF8-D1AA3D19E5AB}.Debug|Any CPU.ActiveCfg = Debug|Any CPU
		{5CDA871D-449F-4308-BFF8-D1AA3D19E5AB}.Debug|Any CPU.Build.0 = Debug|Any CPU
		{5CDA871D-449F-4308-BFF8-D1AA3D19E5AB}.Release|Any CPU.ActiveCfg = Release|Any CPU
		{5CDA871D-449F-4308-BFF8-D1AA3D19E5AB}.Release|Any CPU.Build.0 = Release|Any CPU
	EndGlobalSection
	GlobalSection(SolutionProperties) = preSolution
		HideSolutionNode = FALSE
	EndGlobalSection
	GlobalSection(ExtensibilityGlobals) = postSolution
		SolutionGuid = {1C104B06-6D14-48B0-AC74-10816504A7FD}
	EndGlobalSection
EndGlobal
